
Microsoft Visual Studio Solution File, Format Version 12.00
# Visual Studio 14
VisualStudioVersion = 14.0.23107.0
MinimumVisualStudioVersion = 10.0.40219.1
Project("{FAE04EC0-301F-11D3-BF4B-00C04F79EFBC}") = "CQCMXY.WeiXin", "CQCMXY.WeiXin\CQCMXY.WeiXin.csproj", "{19117FF5-C9D6-4002-8F89-99EC9B261652}"
EndProject
Project("{FAE04EC0-301F-11D3-BF4B-00C04F79EFBC}") = "CQCMXY.WeiXin.MP", "CQCMXY.WeiXin.MP\CQCMXY.WeiXin.MP.csproj", "{6681D1EC-4FFB-4090-B580-588EB9238151}"
EndProject
Project("{FAE04EC0-301F-11D3-BF4B-00C04F79EFBC}") = "CQCMXY.Weixin.MP.MvcExtension", "CQCMXY.Weixin.MP.MvcExtension\CQCMXY.Weixin.MP.MvcExtension.csproj", "{53A70654-338F-4FC1-A8D1-93BF07F4768E}"
EndProject
Project("{FAE04EC0-301F-11D3-BF4B-00C04F79EFBC}") = "CQCMXY.Weixin.Open", "CQCMXY.Weixin.Open\CQCMXY.Weixin.Open.csproj", "{C42BF32A-D7BD-4D67-8D35-45B2862CDA9B}"
EndProject
Project("{FAE04EC0-301F-11D3-BF4B-00C04F79EFBC}") = "CQCMXY..Weixin.QY", "CQCMXY..Weixin.QY\CQCMXY..Weixin.QY.csproj", "{C9136B73-7841-4973-9CC7-F4EA906C450B}"
EndProject
Project("{2150E333-8FDC-42A3-9474-1A3956D46DE8}") = "sdk", "sdk", "{9C0FF7A0-6E20-4804-BFCF-1DED5AD5EC23}"
EndProject
Project("{FAE04EC0-301F-11D3-BF4B-00C04F79EFBC}") = "CQCMXY.WeiXin.Services", "CQCMXY.WeiXin.Services\CQCMXY.WeiXin.Services.csproj", "{0C05F8E9-DDF5-47E5-A2B7-479663A1C2A7}"
EndProject
Project("{FAE04EC0-301F-11D3-BF4B-00C04F79EFBC}") = "CQCMXY.WeiXin.WebServer", "CQCMXY.WeiXin.WebServer\CQCMXY.WeiXin.WebServer.csproj", "{32487E68-6E52-4A85-9E43-9A37537EFB09}"
EndProject
Project("{FAE04EC0-301F-11D3-BF4B-00C04F79EFBC}") = "CQCMXY.WeiXin.WebServer.Tests", "CQCMXY.WeiXin.WebServer.Tests\CQCMXY.WeiXin.WebServer.Tests.csproj", "{A1938E44-743F-406A-8A37-F610A8A0D7B5}"
EndProject
Project("{FAE04EC0-301F-11D3-BF4B-00C04F79EFBC}") = "CQCMXY.WeiXin.Data.Models", "CQCMXY.WeiXin.Data.Models\CQCMXY.WeiXin.Data.Models.csproj", "{AA28D3F3-7CC3-478F-8672-B3D952AB558C}"
EndProject
Global
	GlobalSection(SolutionConfigurationPlatforms) = preSolution
		Debug|Any CPU = Debug|Any CPU
		Release|Any CPU = Release|Any CPU
	EndGlobalSection
	GlobalSection(ProjectConfigurationPlatforms) = postSolution
		{19117FF5-C9D6-4002-8F89-99EC9B261652}.Debug|Any CPU.ActiveCfg = Debug|Any CPU
		{19117FF5-C9D6-4002-8F89-99EC9B261652}.Debug|Any CPU.Build.0 = Debug|Any CPU
		{19117FF5-C9D6-4002-8F89-99EC9B261652}.Release|Any CPU.ActiveCfg = Release|Any CPU
		{19117FF5-C9D6-4002-8F89-99EC9B261652}.Release|Any CPU.Build.0 = Release|Any CPU
		{6681D1EC-4FFB-4090-B580-588EB9238151}.Debug|Any CPU.ActiveCfg = Debug|Any CPU
		{6681D1EC-4FFB-4090-B580-588EB9238151}.Debug|Any CPU.Build.0 = Debug|Any CPU
		{6681D1EC-4FFB-4090-B580-588EB9238151}.Release|Any CPU.ActiveCfg = Release|Any CPU
		{6681D1EC-4FFB-4090-B580-588EB9238151}.Release|Any CPU.Build.0 = Release|Any CPU
		{53A70654-338F-4FC1-A8D1-93BF07F4768E}.Debug|Any CPU.ActiveCfg = Debug|Any CPU
		{53A70654-338F-4FC1-A8D1-93BF07F4768E}.Debug|Any CPU.Build.0 = Debug|Any CPU
		{53A70654-338F-4FC1-A8D1-93BF07F4768E}.Release|Any CPU.ActiveCfg = Release|Any CPU
		{53A70654-338F-4FC1-A8D1-93BF07F4768E}.Release|Any CPU.Build.0 = Release|Any CPU
		{C42BF32A-D7BD-4D67-8D35-45B2862CDA9B}.Debug|Any CPU.ActiveCfg = Debug|Any CPU
		{C42BF32A-D7BD-4D67-8D35-45B2862CDA9B}.Debug|Any CPU.Build.0 = Debug|Any CPU
		{C42BF32A-D7BD-4D67-8D35-45B2862CDA9B}.Release|Any CPU.ActiveCfg = Release|Any CPU
		{C42BF32A-D7BD-4D67-8D35-45B2862CDA9B}.Release|Any CPU.Build.0 = Release|Any CPU
		{C9136B73-7841-4973-9CC7-F4EA906C450B}.Debug|Any CPU.ActiveCfg = Debug|Any CPU
		{C9136B73-7841-4973-9CC7-F4EA906C450B}.Debug|Any CPU.Build.0 = Debug|Any CPU
		{C9136B73-7841-4973-9CC7-F4EA906C450B}.Release|Any CPU.ActiveCfg = Release|Any CPU
		{C9136B73-7841-4973-9CC7-F4EA906C450B}.Release|Any CPU.Build.0 = Release|Any CPU
		{0C05F8E9-DDF5-47E5-A2B7-479663A1C2A7}.Debug|Any CPU.ActiveCfg = Debug|Any CPU
		{0C05F8E9-DDF5-47E5-A2B7-479663A1C2A7}.Debug|Any CPU.Build.0 = Debug|Any CPU
		{0C05F8E9-DDF5-47E5-A2B7-479663A1C2A7}.Release|Any CPU.ActiveCfg = Release|Any CPU
		{0C05F8E9-DDF5-47E5-A2B7-479663A1C2A7}.Release|Any CPU.Build.0 = Release|Any CPU
		{32487E68-6E52-4A85-9E43-9A37537EFB09}.Debug|Any CPU.ActiveCfg = Debug|Any CPU
		{32487E68-6E52-4A85-9E43-9A37537EFB09}.Debug|Any CPU.Build.0 = Debug|Any CPU
		{32487E68-6E52-4A85-9E43-9A37537EFB09}.Release|Any CPU.ActiveCfg = Release|Any CPU
		{32487E68-6E52-4A85-9E43-9A37537EFB09}.Release|Any CPU.Build.0 = Release|Any CPU
		{A1938E44-743F-406A-8A37-F610A8A0D7B5}.Debug|Any CPU.ActiveCfg = Debug|Any CPU
		{A1938E44-743F-406A-8A37-F610A8A0D7B5}.Debug|Any CPU.Build.0 = Debug|Any CPU
		{A1938E44-743F-406A-8A37-F610A8A0D7B5}.Release|Any CPU.ActiveCfg = Release|Any CPU
		{A1938E44-743F-406A-8A37-F610A8A0D7B5}.Release|Any CPU.Build.0 = Release|Any CPU
		{AA28D3F3-7CC3-478F-8672-B3D952AB558C}.Debug|Any CPU.ActiveCfg = Debug|Any CPU
		{AA28D3F3-7CC3-478F-8672-B3D952AB558C}.Debug|Any CPU.Build.0 = Debug|Any CPU
		{AA28D3F3-7CC3-478F-8672-B3D952AB558C}.Release|Any CPU.ActiveCfg = Release|Any CPU
		{AA28D3F3-7CC3-478F-8672-B3D952AB558C}.Release|Any CPU.Build.0 = Release|Any CPU
	EndGlobalSection
	GlobalSection(SolutionProperties) = preSolution
		HideSolutionNode = FALSE
	EndGlobalSection
	GlobalSection(NestedProjects) = preSolution
		{19117FF5-C9D6-4002-8F89-99EC9B261652} = {9C0FF7A0-6E20-4804-BFCF-1DED5AD5EC23}
		{6681D1EC-4FFB-4090-B580-588EB9238151} = {9C0FF7A0-6E20-4804-BFCF-1DED5AD5EC23}
		{53A70654-338F-4FC1-A8D1-93BF07F4768E} = {9C0FF7A0-6E20-4804-BFCF-1DED5AD5EC23}
		{C42BF32A-D7BD-4D67-8D35-45B2862CDA9B} = {9C0FF7A0-6E20-4804-BFCF-1DED5AD5EC23}
		{C9136B73-7841-4973-9CC7-F4EA906C450B} = {9C0FF7A0-6E20-4804-BFCF-1DED5AD5EC23}
	EndGlobalSection
EndGlobal
